
Microsoft Visual Studio Solution File, Format Version 12.00
# Visual Studio Version 17
VisualStudioVersion = 17.9.34723.18
MinimumVisualStudioVersion = 10.0.40219.1
Project("{2150E333-8FDC-42A3-9474-1A3956D46DE8}") = "Solution Items", "Solution Items", "{5BCA089D-884B-4507-8BA1-B946DAEDB35D}"
	ProjectSection(SolutionItems) = preProject
		.editorconfig = .editorconfig
		Directory.Build.props = Directory.Build.props
	EndProjectSection
EndProject
Project("{2150E333-8FDC-42A3-9474-1A3956D46DE8}") = "src", "src", "{D8A3BD81-C5A3-49B4-951D-4F422EA40FE4}"
EndProject
Project("{2150E333-8FDC-42A3-9474-1A3956D46DE8}") = "API", "API", "{1A635455-73AC-4CBF-B22E-ABCA7D4EA55B}"
EndProject
Project("{2150E333-8FDC-42A3-9474-1A3956D46DE8}") = "Modules", "Modules", "{78D81C6E-516A-480C-B0D9-7B01BF9D1B6F}"
EndProject
Project("{2150E333-8FDC-42A3-9474-1A3956D46DE8}") = "Events", "Events", "{600B9470-6D6E-4CF3-B79E-B285B3742F76}"
EndProject
Project("{9A19103F-16F7-4668-BE54-9A1E7A4F7556}") = "Evently.Modules.Events.Domain", "src\Modules\Events\Evently.Modules.Events.Domain\Evently.Modules.Events.Domain.csproj", "{DB041C06-017D-4959-AC61-F4E4A2DFB2F6}"
EndProject
Project("{9A19103F-16F7-4668-BE54-9A1E7A4F7556}") = "Evently.Api", "src\API\Evently.Api\Evently.Api.csproj", "{FA50DACC-C957-413A-AC8E-144029A491F2}"
EndProject
Project("{9A19103F-16F7-4668-BE54-9A1E7A4F7556}") = "Evently.Modules.Events.Application", "src\Modules\Events\Evently.Modules.Events.Application\Evently.Modules.Events.Application.csproj", "{2C684AC5-AF2B-4DFF-894A-FFE7BB5251D7}"
EndProject
Project("{9A19103F-16F7-4668-BE54-9A1E7A4F7556}") = "Evently.Modules.Events.Infrastructure", "src\Modules\Events\Evently.Modules.Events.Infrastructure\Evently.Modules.Events.Infrastructure.csproj", "{41B7B2D3-4402-4C20-8D4D-B6976E37FB92}"
EndProject
Project("{9A19103F-16F7-4668-BE54-9A1E7A4F7556}") = "Evently.Modules.Events.Presentation", "src\Modules\Events\Evently.Modules.Events.Presentation\Evently.Modules.Events.Presentation.csproj", "{F3521AEB-BDDD-457B-9749-62C7116E3939}"
EndProject
Project("{E53339B2-1760-4266-BCC7-CA923CBCF16C}") = "docker-compose", "docker-compose.dcproj", "{DBFC5C02-D0AC-4782-924C-AC2A00783BD4}"
EndProject
Project("{2150E333-8FDC-42A3-9474-1A3956D46DE8}") = "Common", "Common", "{18CA26A7-EBC7-45A6-9F12-1FEB8D3C4010}"
EndProject
Project("{9A19103F-16F7-4668-BE54-9A1E7A4F7556}") = "Evently.Common.Domain", "src\Common\Evently.Common.Domain\Evently.Common.Domain.csproj", "{1C86B280-3E4F-476C-AC6D-DAE0F0D8C935}"
EndProject
Project("{9A19103F-16F7-4668-BE54-9A1E7A4F7556}") = "Evently.Common.Application", "src\Common\Evently.Common.Application\Evently.Common.Application.csproj", "{4E32C387-E87B-4012-A3D8-7F18FD0C6A17}"
EndProject
Project("{9A19103F-16F7-4668-BE54-9A1E7A4F7556}") = "Evently.Common.Infrastructure", "src\Common\Evently.Common.Infrastructure\Evently.Common.Infrastructure.csproj", "{51FD4B2E-8CB1-4E66-BA15-40F9CDC7BE09}"
EndProject
Project("{FAE04EC0-301F-11D3-BF4B-00C04F79EFBC}") = "Evently.Common.Presentation", "src\Common\Evently.Common.Presentation\Evently.Common.Presentation.csproj", "{6C035897-19B3-441B-B57F-F136D751D7B9}"
EndProject
Global
	GlobalSection(SolutionConfigurationPlatforms) = preSolution
		Debug|Any CPU = Debug|Any CPU
		Release|Any CPU = Release|Any CPU
	EndGlobalSection
	GlobalSection(ProjectConfigurationPlatforms) = postSolution
		{DB041C06-017D-4959-AC61-F4E4A2DFB2F6}.Debug|Any CPU.ActiveCfg = Debug|Any CPU
		{DB041C06-017D-4959-AC61-F4E4A2DFB2F6}.Debug|Any CPU.Build.0 = Debug|Any CPU
		{DB041C06-017D-4959-AC61-F4E4A2DFB2F6}.Release|Any CPU.ActiveCfg = Release|Any CPU
		{DB041C06-017D-4959-AC61-F4E4A2DFB2F6}.Release|Any CPU.Build.0 = Release|Any CPU
		{FA50DACC-C957-413A-AC8E-144029A491F2}.Debug|Any CPU.ActiveCfg = Debug|Any CPU
		{FA50DACC-C957-413A-AC8E-144029A491F2}.Debug|Any CPU.Build.0 = Debug|Any CPU
		{FA50DACC-C957-413A-AC8E-144029A491F2}.Release|Any CPU.ActiveCfg = Release|Any CPU
		{FA50DACC-C957-413A-AC8E-144029A491F2}.Release|Any CPU.Build.0 = Release|Any CPU
		{2C684AC5-AF2B-4DFF-894A-FFE7BB5251D7}.Debug|Any CPU.ActiveCfg = Debug|Any CPU
		{2C684AC5-AF2B-4DFF-894A-FFE7BB5251D7}.Debug|Any CPU.Build.0 = Debug|Any CPU
		{2C684AC5-AF2B-4DFF-894A-FFE7BB5251D7}.Release|Any CPU.ActiveCfg = Release|Any CPU
		{2C684AC5-AF2B-4DFF-894A-FFE7BB5251D7}.Release|Any CPU.Build.0 = Release|Any CPU
		{41B7B2D3-4402-4C20-8D4D-B6976E37FB92}.Debug|Any CPU.ActiveCfg = Debug|Any CPU
		{41B7B2D3-4402-4C20-8D4D-B6976E37FB92}.Debug|Any CPU.Build.0 = Debug|Any CPU
		{41B7B2D3-4402-4C20-8D4D-B6976E37FB92}.Release|Any CPU.ActiveCfg = Release|Any CPU
		{41B7B2D3-4402-4C20-8D4D-B6976E37FB92}.Release|Any CPU.Build.0 = Release|Any CPU
		{F3521AEB-BDDD-457B-9749-62C7116E3939}.Debug|Any CPU.ActiveCfg = Debug|Any CPU
		{F3521AEB-BDDD-457B-9749-62C7116E3939}.Debug|Any CPU.Build.0 = Debug|Any CPU
		{F3521AEB-BDDD-457B-9749-62C7116E3939}.Release|Any CPU.ActiveCfg = Release|Any CPU
		{F3521AEB-BDDD-457B-9749-62C7116E3939}.Release|Any CPU.Build.0 = Release|Any CPU
		{DBFC5C02-D0AC-4782-924C-AC2A00783BD4}.Debug|Any CPU.ActiveCfg = Debug|Any CPU
		{DBFC5C02-D0AC-4782-924C-AC2A00783BD4}.Debug|Any CPU.Build.0 = Debug|Any CPU
		{DBFC5C02-D0AC-4782-924C-AC2A00783BD4}.Release|Any CPU.ActiveCfg = Release|Any CPU
		{DBFC5C02-D0AC-4782-924C-AC2A00783BD4}.Release|Any CPU.Build.0 = Release|Any CPU
		{1C86B280-3E4F-476C-AC6D-DAE0F0D8C935}.Debug|Any CPU.ActiveCfg = Debug|Any CPU
		{1C86B280-3E4F-476C-AC6D-DAE0F0D8C935}.Debug|Any CPU.Build.0 = Debug|Any CPU
		{1C86B280-3E4F-476C-AC6D-DAE0F0D8C935}.Release|Any CPU.ActiveCfg = Release|Any CPU
		{1C86B280-3E4F-476C-AC6D-DAE0F0D8C935}.Release|Any CPU.Build.0 = Release|Any CPU
		{4E32C387-E87B-4012-A3D8-7F18FD0C6A17}.Debug|Any CPU.ActiveCfg = Debug|Any CPU
		{4E32C387-E87B-4012-A3D8-7F18FD0C6A17}.Debug|Any CPU.Build.0 = Debug|Any CPU
		{4E32C387-E87B-4012-A3D8-7F18FD0C6A17}.Release|Any CPU.ActiveCfg = Release|Any CPU
		{4E32C387-E87B-4012-A3D8-7F18FD0C6A17}.Release|Any CPU.Build.0 = Release|Any CPU
		{51FD4B2E-8CB1-4E66-BA15-40F9CDC7BE09}.Debug|Any CPU.ActiveCfg = Debug|Any CPU
		{51FD4B2E-8CB1-4E66-BA15-40F9CDC7BE09}.Debug|Any CPU.Build.0 = Debug|Any CPU
		{51FD4B2E-8CB1-4E66-BA15-40F9CDC7BE09}.Release|Any CPU.ActiveCfg = Release|Any CPU
		{51FD4B2E-8CB1-4E66-BA15-40F9CDC7BE09}.Release|Any CPU.Build.0 = Release|Any CPU
		{6C035897-19B3-441B-B57F-F136D751D7B9}.Debug|Any CPU.ActiveCfg = Debug|Any CPU
		{6C035897-19B3-441B-B57F-F136D751D7B9}.Debug|Any CPU.Build.0 = Debug|Any CPU
		{6C035897-19B3-441B-B57F-F136D751D7B9}.Release|Any CPU.ActiveCfg = Release|Any CPU
		{6C035897-19B3-441B-B57F-F136D751D7B9}.Release|Any CPU.Build.0 = Release|Any CPU
	EndGlobalSection
	GlobalSection(SolutionProperties) = preSolution
		HideSolutionNode = FALSE
	EndGlobalSection
	GlobalSection(NestedProjects) = preSolution
		{1A635455-73AC-4CBF-B22E-ABCA7D4EA55B} = {D8A3BD81-C5A3-49B4-951D-4F422EA40FE4}
		{78D81C6E-516A-480C-B0D9-7B01BF9D1B6F} = {D8A3BD81-C5A3-49B4-951D-4F422EA40FE4}
		{600B9470-6D6E-4CF3-B79E-B285B3742F76} = {78D81C6E-516A-480C-B0D9-7B01BF9D1B6F}
		{DB041C06-017D-4959-AC61-F4E4A2DFB2F6} = {600B9470-6D6E-4CF3-B79E-B285B3742F76}
		{FA50DACC-C957-413A-AC8E-144029A491F2} = {1A635455-73AC-4CBF-B22E-ABCA7D4EA55B}
		{2C684AC5-AF2B-4DFF-894A-FFE7BB5251D7} = {600B9470-6D6E-4CF3-B79E-B285B3742F76}
		{41B7B2D3-4402-4C20-8D4D-B6976E37FB92} = {600B9470-6D6E-4CF3-B79E-B285B3742F76}
		{F3521AEB-BDDD-457B-9749-62C7116E3939} = {600B9470-6D6E-4CF3-B79E-B285B3742F76}
		{18CA26A7-EBC7-45A6-9F12-1FEB8D3C4010} = {D8A3BD81-C5A3-49B4-951D-4F422EA40FE4}
		{1C86B280-3E4F-476C-AC6D-DAE0F0D8C935} = {18CA26A7-EBC7-45A6-9F12-1FEB8D3C4010}
		{4E32C387-E87B-4012-A3D8-7F18FD0C6A17} = {18CA26A7-EBC7-45A6-9F12-1FEB8D3C4010}
		{51FD4B2E-8CB1-4E66-BA15-40F9CDC7BE09} = {18CA26A7-EBC7-45A6-9F12-1FEB8D3C4010}
		{6C035897-19B3-441B-B57F-F136D751D7B9} = {18CA26A7-EBC7-45A6-9F12-1FEB8D3C4010}
	EndGlobalSection
	GlobalSection(ExtensibilityGlobals) = postSolution
		SolutionGuid = {F1A6C99A-ACD8-4E67-A43C-C2D6BFD52730}
	EndGlobalSection
EndGlobal
